
Microsoft Visual Studio Solution File, Format Version 12.00
# Visual Studio Version 16
VisualStudioVersion = 16.0.29519.181
MinimumVisualStudioVersion = 10.0.40219.1
Project("{FAE04EC0-301F-11D3-BF4B-00C04F79EFBC}") = "RestApiASP", "RestApiASP\RestApiASP.csproj", "{482D59C1-5BE6-4F65-9891-6A0E22C0951E}"
EndProject
Global
	GlobalSection(SolutionConfigurationPlatforms) = preSolution
		Debug|Any CPU = Debug|Any CPU
		Release|Any CPU = Release|Any CPU
	EndGlobalSection
	GlobalSection(ProjectConfigurationPlatforms) = postSolution
		{482D59C1-5BE6-4F65-9891-6A0E22C0951E}.Debug|Any CPU.ActiveCfg = Debug|Any CPU
		{482D59C1-5BE6-4F65-9891-6A0E22C0951E}.Debug|Any CPU.Build.0 = Debug|Any CPU
		{482D59C1-5BE6-4F65-9891-6A0E22C0951E}.Release|Any CPU.ActiveCfg = Release|Any CPU
		{482D59C1-5BE6-4F65-9891-6A0E22C0951E}.Release|Any CPU.Build.0 = Release|Any CPU
	EndGlobalSection
	GlobalSection(SolutionProperties) = preSolution
		HideSolutionNode = FALSE
	EndGlobalSection
	GlobalSection(ExtensibilityGlobals) = postSolution
		SolutionGuid = {242C395F-5F65-4AA1-AE40-6682E7BA05A8}
	EndGlobalSection
EndGlobal
